{
  "nodes": {
    "cf": {
      "inputs": {
        "nixpkgs": "nixpkgs"
      },
      "locked": {
        "lastModified": 1726840058,
        "narHash": "sha256-N4QPHcRd8SM6rnSnHKuxcBbuP3aIdMJQEOjXUVrZ6ic=",
        "owner": "jzbor",
        "repo": "cornflakes",
        "rev": "fe9ad9b8076f73b9a11831baaea477c6e30c0dc3",
        "type": "github"
      },
      "original": {
        "owner": "jzbor",
        "repo": "cornflakes",
        "type": "github"
      }
    },
    "nixpkgs": {
      "locked": {
        "lastModified": 1726583932,
        "narHash": "sha256-zACxiQx8knB3F8+Ze+1BpiYrI+CbhxyWpcSID9kVhkQ=",
        "owner": "nixos",
        "repo": "nixpkgs",
        "rev": "658e7223191d2598641d50ee4e898126768fe847",
        "type": "github"
      },
      "original": {
        "owner": "nixos",
        "ref": "nixpkgs-unstable",
        "repo": "nixpkgs",
        "type": "github"
      }
    },
    "nixpkgs_2": {
      "locked": {
        "lastModified": 1726583932,
        "narHash": "sha256-zACxiQx8knB3F8+Ze+1BpiYrI+CbhxyWpcSID9kVhkQ=",
        "owner": "nixos",
        "repo": "nixpkgs",
        "rev": "658e7223191d2598641d50ee4e898126768fe847",
        "type": "github"
      },
      "original": {
        "owner": "nixos",
        "ref": "nixpkgs-unstable",
        "repo": "nixpkgs",
        "type": "github"
      }
    },
    "root": {
      "inputs": {
        "cf": "cf",
        "nixpkgs": "nixpkgs_2"
      }
    }
  },
  "root": "root",
  "version": 7
}
